{
  "version": "5",
  "specifiers": {
    "jsr:@std/cli@^1.0.17": "1.0.17",
    "jsr:@std/encoding@^1.0.10": "1.0.10",
    "jsr:@std/fmt@^1.0.8": "1.0.8",
    "jsr:@std/html@^1.0.4": "1.0.4",
    "jsr:@std/http@^1.0.16": "1.0.16",
    "jsr:@std/media-types@^1.1.0": "1.1.0",
    "jsr:@std/net@^1.0.4": "1.0.4",
    "jsr:@std/path@^1.0.9": "1.0.9",
    "jsr:@std/streams@^1.0.9": "1.0.9"
  },
  "jsr": {
    "@std/cli@1.0.17": {
      "integrity": "e15b9abe629e17be90cc6216327f03a29eae613365f1353837fa749aad29ce7b"
    },
    "@std/encoding@1.0.10": {
      "integrity": "8783c6384a2d13abd5e9e87a7ae0520a30e9f56aeeaa3bdf910a3eaaf5c811a1"
    },
    "@std/fmt@1.0.8": {
      "integrity": "71e1fc498787e4434d213647a6e43e794af4fd393ef8f52062246e06f7e372b7"
    },
    "@std/html@1.0.4": {
      "integrity": "eff3497c08164e6ada49b7f81a28b5108087033823153d065e3f89467dd3d50e"
    },
    "@std/http@1.0.16": {
      "integrity": "80c8d08c4bfcf615b89978dcefb84f7e880087cf3b6b901703936f3592a06933",
      "dependencies": [
        "jsr:@std/cli",
        "jsr:@std/encoding",
        "jsr:@std/fmt",
        "jsr:@std/html",
        "jsr:@std/media-types",
        "jsr:@std/net",
        "jsr:@std/path",
        "jsr:@std/streams"
      ]
    },
    "@std/media-types@1.1.0": {
      "integrity": "c9d093f0c05c3512932b330e3cc1fe1d627b301db33a4c2c2185c02471d6eaa4"
    },
    "@std/net@1.0.4": {
      "integrity": "2f403b455ebbccf83d8a027d29c5a9e3a2452fea39bb2da7f2c04af09c8bc852"
    },
    "@std/path@1.0.9": {
      "integrity": "260a49f11edd3db93dd38350bf9cd1b4d1366afa98e81b86167b4e3dd750129e"
    },
    "@std/streams@1.0.9": {
      "integrity": "a9d26b1988cdd7aa7b1f4b51e1c36c1557f3f252880fa6cc5b9f37078b1a5035"
    }
  },
  "workspace": {
    "dependencies": [
      "jsr:@std/http@^1.0.16"
    ]
  }
}
